
Microsoft Visual Studio Solution File, Format Version 12.00
# Visual Studio Version 16
VisualStudioVersion = 16.0.29009.5
MinimumVisualStudioVersion = 10.0.40219.1
Project("{FAE04EC0-301F-11D3-BF4B-00C04F79EFBC}") = "Flip_Repeated", "Flip_Repeated\Flip_Repeated.csproj", "{11950CF3-1637-467A-90DE-059932C44511}"
EndProject
Global
	GlobalSection(SolutionConfigurationPlatforms) = preSolution
		Debug|Any CPU = Debug|Any CPU
		Release|Any CPU = Release|Any CPU
	EndGlobalSection
	GlobalSection(ProjectConfigurationPlatforms) = postSolution
		{11950CF3-1637-467A-90DE-059932C44511}.Debug|Any CPU.ActiveCfg = Debug|Any CPU
		{11950CF3-1637-467A-90DE-059932C44511}.Debug|Any CPU.Build.0 = Debug|Any CPU
		{11950CF3-1637-467A-90DE-059932C44511}.Release|Any CPU.ActiveCfg = Release|Any CPU
		{11950CF3-1637-467A-90DE-059932C44511}.Release|Any CPU.Build.0 = Release|Any CPU
	EndGlobalSection
	GlobalSection(SolutionProperties) = preSolution
		HideSolutionNode = FALSE
	EndGlobalSection
	GlobalSection(ExtensibilityGlobals) = postSolution
		SolutionGuid = {98EC77A4-F239-45F6-8AB4-C312B6E4C8EA}
	EndGlobalSection
EndGlobal
